<?xml version="1.0" encoding="utf-8"?>
<Project ToolsVersion="4.0" xmlns="http://schemas.microsoft.com/developer/msbuild/2003">
  <ItemGroup>
    <Filter Include="C++">
      <UniqueIdentifier>{4FC737F1-C7A5-4376-A066-2A32D752A2FF}</UniqueIdentifier>
      <Extensions>cpp;c;cc;cxx;c++;def;odl;idl;hpj;bat;asm;asmx</Extensions>
    </Filter>
  </ItemGroup>
  <ItemGroup>
    <ClCompile Include="minmax_sum.cpp">
      <Filter>C++</Filter>
    </ClCompile>
    <ClCompile Include="Variable Sized Arrays.cpp">
      <Filter>C++</Filter>
    </ClCompile>
    <ClCompile Include="string.cpp">
      <Filter>C++</Filter>
    </ClCompile>
    <ClCompile Include="StringStream.cpp">
      <Filter>C++</Filter>
    </ClCompile>
    <ClCompile Include="ss_test1.cpp">
      <Filter>C++</Filter>
    </ClCompile>
    <ClCompile Include="ss_test2.cpp">
      <Filter>C++</Filter>
    </ClCompile>
  </ItemGroup>
</Project>